// !$*UTF8*$!
{
	archiveVersion = 1;
	classes = {
	};
	objectVersion = 45;
	objects = {

/* Begin PBXBuildFile section */
		1D60589F0D05DD5A006BFB54 /* Foundation.framework in Frameworks */ = {isa = PBXBuildFile; fileRef = 1D30AB110D05D00D00671497 /* Foundation.framework */; };
		1DF5F4E00D08C38300B7A737 /* UIKit.framework in Frameworks */ = {isa = PBXBuildFile; fileRef = 1DF5F4DF0D08C38300B7A737 /* UIKit.framework */; };
		2892E4100DC94CBA00A64D0F /* CoreGraphics.framework in Frameworks */ = {isa = PBXBuildFile; fileRef = 2892E40F0DC94CBA00A64D0F /* CoreGraphics.framework */; };
		28AD73600D9D9599002E5188 /* MainWindow.xib in Resources */ = {isa = PBXBuildFile; fileRef = 28AD735F0D9D9599002E5188 /* MainWindow.xib */; };
		28F335F11007B36200424DE2 /* RootViewController.xib in Resources */ = {isa = PBXBuildFile; fileRef = 28F335F01007B36200424DE2 /* RootViewController.xib */; };
		3A25816E1088BEE600126784 /* QuartzCore.framework in Frameworks */ = {isa = PBXBuildFile; fileRef = 3A25816D1088BEE600126784 /* QuartzCore.framework */; };
		3A3D908E11187FE7002B6585 /* TableViewPullAppDelegate.m in Sources */ = {isa = PBXBuildFile; fileRef = 3A3D908D11187FE7002B6585 /* TableViewPullAppDelegate.m */; };
		88FE170B11DC6B0B000453E2 /* EGORefreshTableHeaderView.m in Sources */ = {isa = PBXBuildFile; fileRef = 88FE170A11DC6B0B000453E2 /* EGORefreshTableHeaderView.m */; };
		88FE172311DC6B4B000453E2 /* RootViewController.m in Sources */ = {isa = PBXBuildFile; fileRef = 88FE172211DC6B4B000453E2 /* RootViewController.m */; };
		88FE175B11DC6DD9000453E2 /* blackArrow.png in Resources */ = {isa = PBXBuildFile; fileRef = 88FE175711DC6DD9000453E2 /* blackArrow.png */; };
		88FE175C11DC6DD9000453E2 /* blueArrow_new.png in Resources */ = {isa = PBXBuildFile; fileRef = 88FE175811DC6DD9000453E2 /* blueArrow_new.png */; };
		88FE175D11DC6DD9000453E2 /* blueArrow.png in Resources */ = {isa = PBXBuildFile; fileRef = 88FE175911DC6DD9000453E2 /* blueArrow.png */; };
		88FE175E11DC6DD9000453E2 /* whiteArrow.png in Resources */ = {isa = PBXBuildFile; fileRef = 88FE175A11DC6DD9000453E2 /* whiteArrow.png */; };
		88FE177D11DC7340000453E2 /* PullToRefreshTableViewController.m in Sources */ = {isa = PBXBuildFile; fileRef = 88FE177C11DC7340000453E2 /* PullToRefreshTableViewController.m */; };
		B6A61187111D2106003A30C8 /* main.m in Sources */ = {isa = PBXBuildFile; fileRef = B6A61185111D2106003A30C8 /* main.m */; };
/* End PBXBuildFile section */

/* Begin PBXFileReference section */
		1D30AB110D05D00D00671497 /* Foundation.framework */ = {isa = PBXFileReference; lastKnownFileType = wrapper.framework; name = Foundation.framework; path = System/Library/Frameworks/Foundation.framework; sourceTree = SDKROOT; };
		1D6058910D05DD3D006BFB54 /* TableViewPull.app */ = {isa = PBXFileReference; explicitFileType = wrapper.application; includeInIndex = 0; path = TableViewPull.app; sourceTree = BUILT_PRODUCTS_DIR; };
		1DF5F4DF0D08C38300B7A737 /* UIKit.framework */ = {isa = PBXFileReference; lastKnownFileType = wrapper.framework; name = UIKit.framework; path = System/Library/Frameworks/UIKit.framework; sourceTree = SDKROOT; };
		2892E40F0DC94CBA00A64D0F /* CoreGraphics.framework */ = {isa = PBXFileReference; lastKnownFileType = wrapper.framework; name = CoreGraphics.framework; path = System/Library/Frameworks/CoreGraphics.framework; sourceTree = SDKROOT; };
		28AD735F0D9D9599002E5188 /* MainWindow.xib */ = {isa = PBXFileReference; lastKnownFileType = file.xib; path = MainWindow.xib; sourceTree = "<group>"; };
		28F335F01007B36200424DE2 /* RootViewController.xib */ = {isa = PBXFileReference; lastKnownFileType = file.xib; path = RootViewController.xib; sourceTree = "<group>"; };
		3A25816D1088BEE600126784 /* QuartzCore.framework */ = {isa = PBXFileReference; lastKnownFileType = wrapper.framework; name = QuartzCore.framework; path = System/Library/Frameworks/QuartzCore.framework; sourceTree = SDKROOT; };
		3A3D908C11187FE7002B6585 /* TableViewPullAppDelegate.h */ = {isa = PBXFileReference; fileEncoding = 4; lastKnownFileType = sourcecode.c.h; path = TableViewPullAppDelegate.h; sourceTree = "<group>"; };
		3A3D908D11187FE7002B6585 /* TableViewPullAppDelegate.m */ = {isa = PBXFileReference; fileEncoding = 4; lastKnownFileType = sourcecode.c.objc; path = TableViewPullAppDelegate.m; sourceTree = "<group>"; };
		88FE170911DC6B0B000453E2 /* EGORefreshTableHeaderView.h */ = {isa = PBXFileReference; fileEncoding = 4; lastKnownFileType = sourcecode.c.h; name = EGORefreshTableHeaderView.h; path = ../../EGOTableViewPullRefresh/Classes/View/EGORefreshTableHeaderView.h; sourceTree = SOURCE_ROOT; };
		88FE170A11DC6B0B000453E2 /* EGORefreshTableHeaderView.m */ = {isa = PBXFileReference; fileEncoding = 4; lastKnownFileType = sourcecode.c.objc; name = EGORefreshTableHeaderView.m; path = ../../EGOTableViewPullRefresh/Classes/View/EGORefreshTableHeaderView.m; sourceTree = SOURCE_ROOT; };
		88FE172111DC6B4B000453E2 /* RootViewController.h */ = {isa = PBXFileReference; fileEncoding = 4; lastKnownFileType = sourcecode.c.h; name = RootViewController.h; path = ../../EGOTableViewPullRefresh/Classes/Controller/RootViewController.h; sourceTree = SOURCE_ROOT; };
		88FE172211DC6B4B000453E2 /* RootViewController.m */ = {isa = PBXFileReference; fileEncoding = 4; lastKnownFileType = sourcecode.c.objc; name = RootViewController.m; path = ../../EGOTableViewPullRefresh/Classes/Controller/RootViewController.m; sourceTree = SOURCE_ROOT; };
		88FE175711DC6DD9000453E2 /* blackArrow.png */ = {isa = PBXFileReference; lastKnownFileType = image.png; name = blackArrow.png; path = ../../EGOTableViewPullRefresh/Resources/blackArrow.png; sourceTree = SOURCE_ROOT; };
		88FE175811DC6DD9000453E2 /* blueArrow_new.png */ = {isa = PBXFileReference; lastKnownFileType = image.png; name = blueArrow_new.png; path = ../../EGOTableViewPullRefresh/Resources/blueArrow_new.png; sourceTree = SOURCE_ROOT; };
		88FE175911DC6DD9000453E2 /* blueArrow.png */ = {isa = PBXFileReference; lastKnownFileType = image.png; name = blueArrow.png; path = ../../EGOTableViewPullRefresh/Resources/blueArrow.png; sourceTree = SOURCE_ROOT; };
		88FE175A11DC6DD9000453E2 /* whiteArrow.png */ = {isa = PBXFileReference; lastKnownFileType = image.png; name = whiteArrow.png; path = ../../EGOTableViewPullRefresh/Resources/whiteArrow.png; sourceTree = SOURCE_ROOT; };
		88FE177B11DC7340000453E2 /* PullToRefreshTableViewController.h */ = {isa = PBXFileReference; fileEncoding = 4; lastKnownFileType = sourcecode.c.h; name = PullToRefreshTableViewController.h; path = ../../EGOTableViewPullRefresh/Classes/Controller/PullToRefreshTableViewController.h; sourceTree = SOURCE_ROOT; };
		88FE177C11DC7340000453E2 /* PullToRefreshTableViewController.m */ = {isa = PBXFileReference; fileEncoding = 4; lastKnownFileType = sourcecode.c.objc; name = PullToRefreshTableViewController.m; path = ../../EGOTableViewPullRefresh/Classes/Controller/PullToRefreshTableViewController.m; sourceTree = SOURCE_ROOT; };
		8D1107310486CEB800E47090 /* TableViewPull-Info.plist */ = {isa = PBXFileReference; fileEncoding = 4; lastKnownFileType = text.plist.xml; path = "TableViewPull-Info.plist"; plistStructureDefinitionIdentifier = "com.apple.xcode.plist.structure-definition.iphone.info-plist"; sourceTree = "<group>"; };
		B6A61185111D2106003A30C8 /* main.m */ = {isa = PBXFileReference; fileEncoding = 4; lastKnownFileType = sourcecode.c.objc; path = main.m; sourceTree = "<group>"; };
		B6A61186111D2106003A30C8 /* TableViewPull_Prefix.pch */ = {isa = PBXFileReference; fileEncoding = 4; lastKnownFileType = sourcecode.c.h; path = TableViewPull_Prefix.pch; sourceTree = "<group>"; };
/* End PBXFileReference section */

/* Begin PBXFrameworksBuildPhase section */
		1D60588F0D05DD3D006BFB54 /* Frameworks */ = {
			isa = PBXFrameworksBuildPhase;
			buildActionMask = 2147483647;
			files = (
				1D60589F0D05DD5A006BFB54 /* Foundation.framework in Frameworks */,
				1DF5F4E00D08C38300B7A737 /* UIKit.framework in Frameworks */,
				2892E4100DC94CBA00A64D0F /* CoreGraphics.framework in Frameworks */,
				3A25816E1088BEE600126784 /* QuartzCore.framework in Frameworks */,
			);
			runOnlyForDeploymentPostprocessing = 0;
		};
/* End PBXFrameworksBuildPhase section */

/* Begin PBXGroup section */
		080E96DDFE201D6D7F000001 /* Classes */ = {
			isa = PBXGroup;
			children = (
				88FE177B11DC7340000453E2 /* PullToRefreshTableViewController.h */,
				88FE177C11DC7340000453E2 /* PullToRefreshTableViewController.m */,
				88FE170911DC6B0B000453E2 /* EGORefreshTableHeaderView.h */,
				88FE170A11DC6B0B000453E2 /* EGORefreshTableHeaderView.m */,
				3A3D908411187FAD002B6585 /* Delegate */,
			);
			path = Classes;
			sourceTree = "<group>";
		};
		19C28FACFE9D520D11CA2CBB /* Products */ = {
			isa = PBXGroup;
			children = (
				1D6058910D05DD3D006BFB54 /* TableViewPull.app */,
			);
			name = Products;
			sourceTree = "<group>";
		};
		29B97314FDCFA39411CA2CEA /* CustomTemplate */ = {
			isa = PBXGroup;
			children = (
				88FE178B11DC739F000453E2 /* RootViewController */,
				080E96DDFE201D6D7F000001 /* Classes */,
				29B97315FDCFA39411CA2CEA /* Other Sources */,
				29B97317FDCFA39411CA2CEA /* Resources */,
				29B97323FDCFA39411CA2CEA /* Frameworks */,
				19C28FACFE9D520D11CA2CBB /* Products */,
				3A25816D1088BEE600126784 /* QuartzCore.framework */,
			);
			name = CustomTemplate;
			sourceTree = "<group>";
		};
		29B97315FDCFA39411CA2CEA /* Other Sources */ = {
			isa = PBXGroup;
			children = (
				B6A61185111D2106003A30C8 /* main.m */,
				B6A61186111D2106003A30C8 /* TableViewPull_Prefix.pch */,
			);
			name = "Other Sources";
			sourceTree = "<group>";
		};
		29B97317FDCFA39411CA2CEA /* Resources */ = {
			isa = PBXGroup;
			children = (
				88FE175711DC6DD9000453E2 /* blackArrow.png */,
				88FE175811DC6DD9000453E2 /* blueArrow_new.png */,
				88FE175911DC6DD9000453E2 /* blueArrow.png */,
				88FE175A11DC6DD9000453E2 /* whiteArrow.png */,
				28F335F01007B36200424DE2 /* RootViewController.xib */,
				28AD735F0D9D9599002E5188 /* MainWindow.xib */,
				8D1107310486CEB800E47090 /* TableViewPull-Info.plist */,
			);
			path = Resources;
			sourceTree = "<group>";
		};
		29B97323FDCFA39411CA2CEA /* Frameworks */ = {
			isa = PBXGroup;
			children = (
				1DF5F4DF0D08C38300B7A737 /* UIKit.framework */,
				1D30AB110D05D00D00671497 /* Foundation.framework */,
				2892E40F0DC94CBA00A64D0F /* CoreGraphics.framework */,
			);
			name = Frameworks;
			sourceTree = "<group>";
		};
		3A3D908411187FAD002B6585 /* Delegate */ = {
			isa = PBXGroup;
			children = (
				3A3D908C11187FE7002B6585 /* TableViewPullAppDelegate.h */,
				3A3D908D11187FE7002B6585 /* TableViewPullAppDelegate.m */,
			);
			path = Delegate;
			sourceTree = "<group>";
		};
		88FE178B11DC739F000453E2 /* RootViewController */ = {
			isa = PBXGroup;
			children = (
				88FE172111DC6B4B000453E2 /* RootViewController.h */,
				88FE172211DC6B4B000453E2 /* RootViewController.m */,
			);
			name = RootViewController;
			sourceTree = "<group>";
		};
/* End PBXGroup section */

/* Begin PBXNativeTarget section */
		1D6058900D05DD3D006BFB54 /* TableViewPull */ = {
			isa = PBXNativeTarget;
			buildConfigurationList = 1D6058960D05DD3E006BFB54 /* Build configuration list for PBXNativeTarget "TableViewPull" */;
			buildPhases = (
				1D60588D0D05DD3D006BFB54 /* Resources */,
				1D60588E0D05DD3D006BFB54 /* Sources */,
				1D60588F0D05DD3D006BFB54 /* Frameworks */,
			);
			buildRules = (
			);
			dependencies = (
			);
			name = TableViewPull;
			productName = TableViewPull;
			productReference = 1D6058910D05DD3D006BFB54 /* TableViewPull.app */;
			productType = "com.apple.product-type.application";
		};
/* End PBXNativeTarget section */

/* Begin PBXProject section */
		29B97313FDCFA39411CA2CEA /* Project object */ = {
			isa = PBXProject;
			buildConfigurationList = C01FCF4E08A954540054247B /* Build configuration list for PBXProject "TableViewPull" */;
			compatibilityVersion = "Xcode 3.1";
			developmentRegion = English;
			hasScannedForEncodings = 1;
			knownRegions = (
				English,
				Japanese,
				French,
				German,
				en,
			);
			mainGroup = 29B97314FDCFA39411CA2CEA /* CustomTemplate */;
			projectDirPath = "";
			projectRoot = "";
			targets = (
				1D6058900D05DD3D006BFB54 /* TableViewPull */,
			);
		};
/* End PBXProject section */

/* Begin PBXResourcesBuildPhase section */
		1D60588D0D05DD3D006BFB54 /* Resources */ = {
			isa = PBXResourcesBuildPhase;
			buildActionMask = 2147483647;
			files = (
				28AD73600D9D9599002E5188 /* MainWindow.xib in Resources */,
				28F335F11007B36200424DE2 /* RootViewController.xib in Resources */,
				88FE175B11DC6DD9000453E2 /* blackArrow.png in Resources */,
				88FE175C11DC6DD9000453E2 /* blueArrow_new.png in Resources */,
				88FE175D11DC6DD9000453E2 /* blueArrow.png in Resources */,
				88FE175E11DC6DD9000453E2 /* whiteArrow.png in Resources */,
			);
			runOnlyForDeploymentPostprocessing = 0;
		};
/* End PBXResourcesBuildPhase section */

/* Begin PBXSourcesBuildPhase section */
		1D60588E0D05DD3D006BFB54 /* Sources */ = {
			isa = PBXSourcesBuildPhase;
			buildActionMask = 2147483647;
			files = (
				3A3D908E11187FE7002B6585 /* TableViewPullAppDelegate.m in Sources */,
				B6A61187111D2106003A30C8 /* main.m in Sources */,
				88FE170B11DC6B0B000453E2 /* EGORefreshTableHeaderView.m in Sources */,
				88FE172311DC6B4B000453E2 /* RootViewController.m in Sources */,
				88FE177D11DC7340000453E2 /* PullToRefreshTableViewController.m in Sources */,
			);
			runOnlyForDeploymentPostprocessing = 0;
		};
/* End PBXSourcesBuildPhase section */

/* Begin XCBuildConfiguration section */
		1D6058940D05DD3E006BFB54 /* Debug */ = {
			isa = XCBuildConfiguration;
			buildSettings = {
				ALWAYS_SEARCH_USER_PATHS = NO;
				ARCHS = "$(NATIVE_ARCH_ACTUAL)";
				COPY_PHASE_STRIP = NO;
				GCC_DYNAMIC_NO_PIC = NO;
				GCC_OPTIMIZATION_LEVEL = 0;
				GCC_PRECOMPILE_PREFIX_HEADER = YES;
				GCC_PREFIX_HEADER = TableViewPull_Prefix.pch;
				INFOPLIST_FILE = "Resources/TableViewPull-Info.plist";
				IPHONEOS_DEPLOYMENT_TARGET = 3.0;
				PRODUCT_NAME = TableViewPull;
				SDKROOT = iphoneos;
			};
			name = Debug;
		};
		1D6058950D05DD3E006BFB54 /* Release */ = {
			isa = XCBuildConfiguration;
			buildSettings = {
				ALWAYS_SEARCH_USER_PATHS = NO;
				ARCHS = "$(NATIVE_ARCH_ACTUAL)";
				COPY_PHASE_STRIP = YES;
				GCC_PRECOMPILE_PREFIX_HEADER = YES;
				GCC_PREFIX_HEADER = TableViewPull_Prefix.pch;
				INFOPLIST_FILE = "Resources/TableViewPull-Info.plist";
				IPHONEOS_DEPLOYMENT_TARGET = 3.0;
				PRODUCT_NAME = TableViewPull;
				SDKROOT = iphoneos;
			};
			name = Release;
		};
		C01FCF4F08A954540054247B /* Debug */ = {
			isa = XCBuildConfiguration;
			buildSettings = {
				ARCHS = "$(ARCHS_STANDARD_32_BIT)";
				"CODE_SIGN_IDENTITY[sdk=iphoneos*]" = "iPhone Developer";
				GCC_C_LANGUAGE_STANDARD = c99;
				GCC_WARN_ABOUT_RETURN_TYPE = YES;
				GCC_WARN_UNUSED_VARIABLE = YES;
				PREBINDING = NO;
				SDKROOT = iphoneos;
			};
			name = Debug;
		};
		C01FCF5008A954540054247B /* Release */ = {
			isa = XCBuildConfiguration;
			buildSettings = {
				ARCHS = "$(ARCHS_STANDARD_32_BIT)";
				"CODE_SIGN_IDENTITY[sdk=iphoneos*]" = "iPhone Developer";
				GCC_C_LANGUAGE_STANDARD = c99;
				GCC_WARN_ABOUT_RETURN_TYPE = YES;
				GCC_WARN_UNUSED_VARIABLE = YES;
				PREBINDING = NO;
				SDKROOT = iphoneos;
			};
			name = Release;
		};
/* End XCBuildConfiguration section */

/* Begin XCConfigurationList section */
		1D6058960D05DD3E006BFB54 /* Build configuration list for PBXNativeTarget "TableViewPull" */ = {
			isa = XCConfigurationList;
			buildConfigurations = (
				1D6058940D05DD3E006BFB54 /* Debug */,
				1D6058950D05DD3E006BFB54 /* Release */,
			);
			defaultConfigurationIsVisible = 0;
			defaultConfigurationName = Release;
		};
		C01FCF4E08A954540054247B /* Build configuration list for PBXProject "TableViewPull" */ = {
			isa = XCConfigurationList;
			buildConfigurations = (
				C01FCF4F08A954540054247B /* Debug */,
				C01FCF5008A954540054247B /* Release */,
			);
			defaultConfigurationIsVisible = 0;
			defaultConfigurationName = Release;
		};
/* End XCConfigurationList section */
	};
	rootObject = 29B97313FDCFA39411CA2CEA /* Project object */;
}
